
Microsoft Visual Studio Solution File, Format Version 12.00
# Visual Studio Version 17
VisualStudioVersion = 17.14.36518.9
MinimumVisualStudioVersion = 10.0.40219.1
Project("{888888A0-9F3D-457C-B088-3A5042F75D52}") = "experiment", "experiment\experiment.pyproj", "{AADE68C9-6378-429D-89B8-17C005AA7252}"
EndProject
Global
	GlobalSection(SolutionConfigurationPlatforms) = preSolution
		Debug|Any CPU = Debug|Any CPU
		Release|Any CPU = Release|Any CPU
	EndGlobalSection
	GlobalSection(ProjectConfigurationPlatforms) = postSolution
		{AADE68C9-6378-429D-89B8-17C005AA7252}.Debug|Any CPU.ActiveCfg = Debug|Any CPU
		{AADE68C9-6378-429D-89B8-17C005AA7252}.Release|Any CPU.ActiveCfg = Release|Any CPU
	EndGlobalSection
	GlobalSection(SolutionProperties) = preSolution
		HideSolutionNode = FALSE
	EndGlobalSection
	GlobalSection(ExtensibilityGlobals) = postSolution
		SolutionGuid = {C44B588C-B585-4E5D-B8B6-36F9C5A8572F}
	EndGlobalSection
EndGlobal
